
Microsoft Visual Studio Solution File, Format Version 12.00
# Visual Studio 15
VisualStudioVersion = 15.0.27428.2043
MinimumVisualStudioVersion = 10.0.40219.1
Project("{2150E333-8FDC-42A3-9474-1A3956D46DE8}") = "kernel", "kernel", "{D5BC89E9-E473-4BAF-A56D-DE42A3B58375}"
EndProject
Project("{2150E333-8FDC-42A3-9474-1A3956D46DE8}") = "stdapps", "stdapps", "{05A93472-F631-489C-BDEE-058107EA8D8F}"
EndProject
Project("{2150E333-8FDC-42A3-9474-1A3956D46DE8}") = "bootloader", "bootloader", "{9F6E6F39-346F-4695-9D4B-02E4EA9855A1}"
EndProject
Project("{FAE04EC0-301F-11D3-BF4B-00C04F79EFBC}") = "bootloader", "bootloader\bootloader.csproj", "{E40A4296-E0CF-4D81-A7F4-834352613179}"
EndProject
Project("{FAE04EC0-301F-11D3-BF4B-00C04F79EFBC}") = "vos", "rootfs\opt\vos\vos.csproj", "{2A3CA2EE-AFAB-403D-A972-DB1FA5007431}"
EndProject
Project("{FAE04EC0-301F-11D3-BF4B-00C04F79EFBC}") = "tns", "rootfs\opt\tns\tns.csproj", "{706ACC1A-887F-4E32-B63D-0E0B35548F89}"
EndProject
Project("{FAE04EC0-301F-11D3-BF4B-00C04F79EFBC}") = "vosbox", "rootfs\opt\vosbox\vosbox.csproj", "{7030695A-7421-4EE5-BA2D-305B075307BC}"
EndProject
Global
	GlobalSection(SolutionConfigurationPlatforms) = preSolution
		Debug|Any CPU = Debug|Any CPU
		Release|Any CPU = Release|Any CPU
	EndGlobalSection
	GlobalSection(ProjectConfigurationPlatforms) = postSolution
		{E40A4296-E0CF-4D81-A7F4-834352613179}.Debug|Any CPU.ActiveCfg = Debug|Any CPU
		{E40A4296-E0CF-4D81-A7F4-834352613179}.Debug|Any CPU.Build.0 = Debug|Any CPU
		{E40A4296-E0CF-4D81-A7F4-834352613179}.Release|Any CPU.ActiveCfg = Release|Any CPU
		{E40A4296-E0CF-4D81-A7F4-834352613179}.Release|Any CPU.Build.0 = Release|Any CPU
		{2A3CA2EE-AFAB-403D-A972-DB1FA5007431}.Debug|Any CPU.ActiveCfg = Debug|Any CPU
		{2A3CA2EE-AFAB-403D-A972-DB1FA5007431}.Debug|Any CPU.Build.0 = Debug|Any CPU
		{2A3CA2EE-AFAB-403D-A972-DB1FA5007431}.Release|Any CPU.ActiveCfg = Release|Any CPU
		{2A3CA2EE-AFAB-403D-A972-DB1FA5007431}.Release|Any CPU.Build.0 = Release|Any CPU
		{706ACC1A-887F-4E32-B63D-0E0B35548F89}.Debug|Any CPU.ActiveCfg = Debug|Any CPU
		{706ACC1A-887F-4E32-B63D-0E0B35548F89}.Debug|Any CPU.Build.0 = Debug|Any CPU
		{706ACC1A-887F-4E32-B63D-0E0B35548F89}.Release|Any CPU.ActiveCfg = Release|Any CPU
		{706ACC1A-887F-4E32-B63D-0E0B35548F89}.Release|Any CPU.Build.0 = Release|Any CPU
		{7030695A-7421-4EE5-BA2D-305B075307BC}.Debug|Any CPU.ActiveCfg = Debug|Any CPU
		{7030695A-7421-4EE5-BA2D-305B075307BC}.Debug|Any CPU.Build.0 = Debug|Any CPU
		{7030695A-7421-4EE5-BA2D-305B075307BC}.Release|Any CPU.ActiveCfg = Release|Any CPU
		{7030695A-7421-4EE5-BA2D-305B075307BC}.Release|Any CPU.Build.0 = Release|Any CPU
	EndGlobalSection
	GlobalSection(SolutionProperties) = preSolution
		HideSolutionNode = FALSE
	EndGlobalSection
	GlobalSection(NestedProjects) = preSolution
		{E40A4296-E0CF-4D81-A7F4-834352613179} = {9F6E6F39-346F-4695-9D4B-02E4EA9855A1}
		{2A3CA2EE-AFAB-403D-A972-DB1FA5007431} = {D5BC89E9-E473-4BAF-A56D-DE42A3B58375}
		{706ACC1A-887F-4E32-B63D-0E0B35548F89} = {05A93472-F631-489C-BDEE-058107EA8D8F}
		{7030695A-7421-4EE5-BA2D-305B075307BC} = {05A93472-F631-489C-BDEE-058107EA8D8F}
	EndGlobalSection
	GlobalSection(ExtensibilityGlobals) = postSolution
		SolutionGuid = {0872FEA2-3F05-4A1E-81CA-55C7CEF42E13}
	EndGlobalSection
EndGlobal
